
Microsoft Visual Studio Solution File, Format Version 12.00
Project("{FAE04EC0-301F-11D3-BF4B-00C04F79EFBC}") = "Snail.Toolkit.HashiCorp.Vault", "src\Snail.Toolkit.HashiCorp.Vault.csproj", "{0AD15D33-7C2E-4991-B838-7D5E547D0B57}"
EndProject
Project("{FAE04EC0-301F-11D3-BF4B-00C04F79EFBC}") = "Snail.Toolkit.HashiCorp.Vault.Tests", "tests\Snail.Toolkit.HashiCorp.Vault.Tests.csproj", "{7700FAA9-F995-42F8-98FB-F54B19DFF739}"
EndProject
Global
	GlobalSection(SolutionConfigurationPlatforms) = preSolution
		Debug|Any CPU = Debug|Any CPU
		Release|Any CPU = Release|Any CPU
	EndGlobalSection
	GlobalSection(ProjectConfigurationPlatforms) = postSolution
		{5C926194-AF93-4E95-8138-BA4DAF8FD522}.Debug|Any CPU.ActiveCfg = Debug|Any CPU
		{5C926194-AF93-4E95-8138-BA4DAF8FD522}.Debug|Any CPU.Build.0 = Debug|Any CPU
		{5C926194-AF93-4E95-8138-BA4DAF8FD522}.Release|Any CPU.ActiveCfg = Release|Any CPU
		{5C926194-AF93-4E95-8138-BA4DAF8FD522}.Release|Any CPU.Build.0 = Release|Any CPU
		{0AD15D33-7C2E-4991-B838-7D5E547D0B57}.Debug|Any CPU.ActiveCfg = Debug|Any CPU
		{0AD15D33-7C2E-4991-B838-7D5E547D0B57}.Debug|Any CPU.Build.0 = Debug|Any CPU
		{0AD15D33-7C2E-4991-B838-7D5E547D0B57}.Release|Any CPU.ActiveCfg = Release|Any CPU
		{0AD15D33-7C2E-4991-B838-7D5E547D0B57}.Release|Any CPU.Build.0 = Release|Any CPU
		{7700FAA9-F995-42F8-98FB-F54B19DFF739}.Debug|Any CPU.ActiveCfg = Debug|Any CPU
		{7700FAA9-F995-42F8-98FB-F54B19DFF739}.Debug|Any CPU.Build.0 = Debug|Any CPU
		{7700FAA9-F995-42F8-98FB-F54B19DFF739}.Release|Any CPU.ActiveCfg = Release|Any CPU
		{7700FAA9-F995-42F8-98FB-F54B19DFF739}.Release|Any CPU.Build.0 = Release|Any CPU
	EndGlobalSection
EndGlobal
